
Microsoft Visual Studio Solution File, Format Version 12.00
# Visual Studio Version 17
VisualStudioVersion = 17.4.33110.190
MinimumVisualStudioVersion = 10.0.40219.1
Project("{F184B08F-C81C-45F6-A57F-5ABD9991F28F}") = "Ex6_Pizza", "Ex6_Pizza\Ex6_Pizza.vbproj", "{98A085CC-7AC1-4B4F-A5C0-2E29BC006D64}"
EndProject
Global
	GlobalSection(SolutionConfigurationPlatforms) = preSolution
		Debug|Any CPU = Debug|Any CPU
		Release|Any CPU = Release|Any CPU
	EndGlobalSection
	GlobalSection(ProjectConfigurationPlatforms) = postSolution
		{98A085CC-7AC1-4B4F-A5C0-2E29BC006D64}.Debug|Any CPU.ActiveCfg = Debug|Any CPU
		{98A085CC-7AC1-4B4F-A5C0-2E29BC006D64}.Debug|Any CPU.Build.0 = Debug|Any CPU
		{98A085CC-7AC1-4B4F-A5C0-2E29BC006D64}.Release|Any CPU.ActiveCfg = Release|Any CPU
		{98A085CC-7AC1-4B4F-A5C0-2E29BC006D64}.Release|Any CPU.Build.0 = Release|Any CPU
	EndGlobalSection
	GlobalSection(SolutionProperties) = preSolution
		HideSolutionNode = FALSE
	EndGlobalSection
	GlobalSection(ExtensibilityGlobals) = postSolution
		SolutionGuid = {E4970217-20C4-4397-B613-669CF98B84CB}
	EndGlobalSection
EndGlobal
